
Microsoft Visual Studio Solution File, Format Version 12.00
# Visual Studio 14
VisualStudioVersion = 14.0.25420.1
MinimumVisualStudioVersion = 10.0.40219.1
Project("{FAE04EC0-301F-11D3-BF4B-00C04F79EFBC}") = "Voyage.Web", "Voyage.Web\Voyage.Web.csproj", "{6EC214FC-93EA-40B0-B74D-B147BA640DD4}"
	ProjectSection(ProjectDependencies) = postProject
		{C3B0291D-5400-4339-8D36-62EF3C5182A9} = {C3B0291D-5400-4339-8D36-62EF3C5182A9}
		{120B86B5-34B8-4304-A826-89E938E4319A} = {120B86B5-34B8-4304-A826-89E938E4319A}
	EndProjectSection
EndProject
Project("{FAE04EC0-301F-11D3-BF4B-00C04F79EFBC}") = "Voyage.Services", "Voyage.Services\Voyage.Services.csproj", "{550DBB13-A473-4348-B530-64A6A5177AB1}"
EndProject
Project("{FAE04EC0-301F-11D3-BF4B-00C04F79EFBC}") = "Voyage.Data", "Voyage.Data\Voyage.Data.csproj", "{7ACF3840-25CC-4A96-824A-8AB6B28781FD}"
EndProject
Project("{FAE04EC0-301F-11D3-BF4B-00C04F79EFBC}") = "Voyage.Models", "Voyage.Models\Voyage.Models.csproj", "{D2013160-5E92-4EB0-8A10-3B89C44E8572}"
EndProject
Project("{FAE04EC0-301F-11D3-BF4B-00C04F79EFBC}") = "Voyage.Core", "Voyage.Core\Voyage.Core.csproj", "{AB3DAB8E-C44A-40B3-9A61-031D34A6F71B}"
EndProject
Project("{00D1A9C2-B5F0-4AF3-8072-F6C62B433612}") = "Voyage.Database", "Voyage.Database\Voyage.Database.sqlproj", "{5F68702B-28CF-4E1F-9D58-1092785C3106}"
EndProject
Project("{FAE04EC0-301F-11D3-BF4B-00C04F79EFBC}") = "Voyage.Api", "Voyage.Api\Voyage.Api.csproj", "{36CFCE2C-FACE-4065-967A-93E153F94553}"
EndProject
Project("{FAE04EC0-301F-11D3-BF4B-00C04F79EFBC}") = "Voyage.Api.UnitTests", "Voyage.Api.UnitTests\Voyage.Api.UnitTests.csproj", "{1E13E059-FD15-442F-8354-82C7D50CD688}"
EndProject
Project("{FAE04EC0-301F-11D3-BF4B-00C04F79EFBC}") = "Voyage.Web.UnitTests", "Voyage.Web.UnitTests\Voyage.Web.UnitTests.csproj", "{CA489C7A-9733-4F0F-82C6-A820F5498B40}"
EndProject
Project("{2150E333-8FDC-42A3-9474-1A3956D46DE8}") = "Api", "Api", "{2773F5C9-30D3-4612-BEDB-1C82E250A8F4}"
EndProject
Project("{2150E333-8FDC-42A3-9474-1A3956D46DE8}") = "Core", "Core", "{E1C25D9B-AD3B-44BC-BBD1-FE87EFB39540}"
EndProject
Project("{2150E333-8FDC-42A3-9474-1A3956D46DE8}") = "Data", "Data", "{650AB8BF-14FC-4D78-9727-819685DDB416}"
EndProject
Project("{2150E333-8FDC-42A3-9474-1A3956D46DE8}") = "Models", "Models", "{0350D258-5211-4EC2-8A30-44CBD77E0FF2}"
EndProject
Project("{2150E333-8FDC-42A3-9474-1A3956D46DE8}") = "Services", "Services", "{27AD17D6-F451-429F-B92E-6E709DBBE81B}"
EndProject
Project("{2150E333-8FDC-42A3-9474-1A3956D46DE8}") = "Web", "Web", "{AA7E8980-C544-4D4D-9DA5-440A63A6A704}"
EndProject
Project("{2150E333-8FDC-42A3-9474-1A3956D46DE8}") = "Database", "Database", "{F836BA6D-3B03-4214-84E7-13CF0E5C5A85}"
EndProject
Project("{FAE04EC0-301F-11D3-BF4B-00C04F79EFBC}") = "Voyage.Core.UnitTests", "Voyage.Core.UnitTests\Voyage.Core.UnitTests.csproj", "{F0EDD3F9-4A5A-4F4C-AEAB-532CEA3BC2F2}"
EndProject
Project("{FAE04EC0-301F-11D3-BF4B-00C04F79EFBC}") = "Voyage.Data.UnitTests", "Voyage.Data.UnitTests\Voyage.Data.UnitTests.csproj", "{8A310FA7-7DC2-4F82-94A2-F8C4CC582482}"
EndProject
Project("{FAE04EC0-301F-11D3-BF4B-00C04F79EFBC}") = "Voyage.Models.UnitTests", "Voyage.Models.UnitTests\Voyage.Models.UnitTests.csproj", "{A03A316F-2B1B-4893-8D6D-85E2202D3048}"
EndProject
Project("{FAE04EC0-301F-11D3-BF4B-00C04F79EFBC}") = "Voyage.Services.UnitTests", "Voyage.Services.UnitTests\Voyage.Services.UnitTests.csproj", "{B53D1785-13A1-4475-803B-0666911865F1}"
EndProject
Project("{2150E333-8FDC-42A3-9474-1A3956D46DE8}") = "Security", "Security", "{E980806C-F2B3-40B4-810D-A43D84EF4959}"
EndProject
Project("{FAE04EC0-301F-11D3-BF4B-00C04F79EFBC}") = "Voyage.Security.Oauth2", "Voyage.Security.Oauth2\Voyage.Security.Oauth2.csproj", "{120B86B5-34B8-4304-A826-89E938E4319A}"
EndProject
Project("{FAE04EC0-301F-11D3-BF4B-00C04F79EFBC}") = "Voyage.Security.BasicToken", "Voyage.Security.BasicToken\Voyage.Security.BasicToken.csproj", "{C3B0291D-5400-4339-8D36-62EF3C5182A9}"
EndProject
Project("{FAE04EC0-301F-11D3-BF4B-00C04F79EFBC}") = "Voyage.Api.UserManager", "Voyage.Api.UserManager\Voyage.Api.UserManager.csproj", "{3EBEE887-8673-4731-85A3-C1B96A0248BF}"
EndProject
Global
	GlobalSection(SolutionConfigurationPlatforms) = preSolution
		Debug|Any CPU = Debug|Any CPU
		Release|Any CPU = Release|Any CPU
	EndGlobalSection
	GlobalSection(ProjectConfigurationPlatforms) = postSolution
		{6EC214FC-93EA-40B0-B74D-B147BA640DD4}.Debug|Any CPU.ActiveCfg = Debug|Any CPU
		{6EC214FC-93EA-40B0-B74D-B147BA640DD4}.Debug|Any CPU.Build.0 = Debug|Any CPU
		{6EC214FC-93EA-40B0-B74D-B147BA640DD4}.Release|Any CPU.ActiveCfg = Release|Any CPU
		{6EC214FC-93EA-40B0-B74D-B147BA640DD4}.Release|Any CPU.Build.0 = Release|Any CPU
		{550DBB13-A473-4348-B530-64A6A5177AB1}.Debug|Any CPU.ActiveCfg = Debug|Any CPU
		{550DBB13-A473-4348-B530-64A6A5177AB1}.Debug|Any CPU.Build.0 = Debug|Any CPU
		{550DBB13-A473-4348-B530-64A6A5177AB1}.Release|Any CPU.ActiveCfg = Release|Any CPU
		{550DBB13-A473-4348-B530-64A6A5177AB1}.Release|Any CPU.Build.0 = Release|Any CPU
		{7ACF3840-25CC-4A96-824A-8AB6B28781FD}.Debug|Any CPU.ActiveCfg = Debug|Any CPU
		{7ACF3840-25CC-4A96-824A-8AB6B28781FD}.Debug|Any CPU.Build.0 = Debug|Any CPU
		{7ACF3840-25CC-4A96-824A-8AB6B28781FD}.Release|Any CPU.ActiveCfg = Release|Any CPU
		{7ACF3840-25CC-4A96-824A-8AB6B28781FD}.Release|Any CPU.Build.0 = Release|Any CPU
		{D2013160-5E92-4EB0-8A10-3B89C44E8572}.Debug|Any CPU.ActiveCfg = Debug|Any CPU
		{D2013160-5E92-4EB0-8A10-3B89C44E8572}.Debug|Any CPU.Build.0 = Debug|Any CPU
		{D2013160-5E92-4EB0-8A10-3B89C44E8572}.Release|Any CPU.ActiveCfg = Release|Any CPU
		{D2013160-5E92-4EB0-8A10-3B89C44E8572}.Release|Any CPU.Build.0 = Release|Any CPU
		{AB3DAB8E-C44A-40B3-9A61-031D34A6F71B}.Debug|Any CPU.ActiveCfg = Debug|Any CPU
		{AB3DAB8E-C44A-40B3-9A61-031D34A6F71B}.Debug|Any CPU.Build.0 = Debug|Any CPU
		{AB3DAB8E-C44A-40B3-9A61-031D34A6F71B}.Release|Any CPU.ActiveCfg = Release|Any CPU
		{AB3DAB8E-C44A-40B3-9A61-031D34A6F71B}.Release|Any CPU.Build.0 = Release|Any CPU
		{5F68702B-28CF-4E1F-9D58-1092785C3106}.Debug|Any CPU.ActiveCfg = Debug|Any CPU
		{5F68702B-28CF-4E1F-9D58-1092785C3106}.Debug|Any CPU.Build.0 = Debug|Any CPU
		{5F68702B-28CF-4E1F-9D58-1092785C3106}.Debug|Any CPU.Deploy.0 = Debug|Any CPU
		{5F68702B-28CF-4E1F-9D58-1092785C3106}.Release|Any CPU.ActiveCfg = Release|Any CPU
		{5F68702B-28CF-4E1F-9D58-1092785C3106}.Release|Any CPU.Build.0 = Release|Any CPU
		{5F68702B-28CF-4E1F-9D58-1092785C3106}.Release|Any CPU.Deploy.0 = Release|Any CPU
		{36CFCE2C-FACE-4065-967A-93E153F94553}.Debug|Any CPU.ActiveCfg = Debug|Any CPU
		{36CFCE2C-FACE-4065-967A-93E153F94553}.Debug|Any CPU.Build.0 = Debug|Any CPU
		{36CFCE2C-FACE-4065-967A-93E153F94553}.Release|Any CPU.ActiveCfg = Release|Any CPU
		{36CFCE2C-FACE-4065-967A-93E153F94553}.Release|Any CPU.Build.0 = Release|Any CPU
		{1E13E059-FD15-442F-8354-82C7D50CD688}.Debug|Any CPU.ActiveCfg = Debug|Any CPU
		{1E13E059-FD15-442F-8354-82C7D50CD688}.Debug|Any CPU.Build.0 = Debug|Any CPU
		{1E13E059-FD15-442F-8354-82C7D50CD688}.Release|Any CPU.ActiveCfg = Release|Any CPU
		{1E13E059-FD15-442F-8354-82C7D50CD688}.Release|Any CPU.Build.0 = Release|Any CPU
		{CA489C7A-9733-4F0F-82C6-A820F5498B40}.Debug|Any CPU.ActiveCfg = Debug|Any CPU
		{CA489C7A-9733-4F0F-82C6-A820F5498B40}.Debug|Any CPU.Build.0 = Debug|Any CPU
		{CA489C7A-9733-4F0F-82C6-A820F5498B40}.Release|Any CPU.ActiveCfg = Release|Any CPU
		{CA489C7A-9733-4F0F-82C6-A820F5498B40}.Release|Any CPU.Build.0 = Release|Any CPU
		{F0EDD3F9-4A5A-4F4C-AEAB-532CEA3BC2F2}.Debug|Any CPU.ActiveCfg = Debug|Any CPU
		{F0EDD3F9-4A5A-4F4C-AEAB-532CEA3BC2F2}.Debug|Any CPU.Build.0 = Debug|Any CPU
		{F0EDD3F9-4A5A-4F4C-AEAB-532CEA3BC2F2}.Release|Any CPU.ActiveCfg = Release|Any CPU
		{F0EDD3F9-4A5A-4F4C-AEAB-532CEA3BC2F2}.Release|Any CPU.Build.0 = Release|Any CPU
		{8A310FA7-7DC2-4F82-94A2-F8C4CC582482}.Debug|Any CPU.ActiveCfg = Debug|Any CPU
		{8A310FA7-7DC2-4F82-94A2-F8C4CC582482}.Debug|Any CPU.Build.0 = Debug|Any CPU
		{8A310FA7-7DC2-4F82-94A2-F8C4CC582482}.Release|Any CPU.ActiveCfg = Release|Any CPU
		{8A310FA7-7DC2-4F82-94A2-F8C4CC582482}.Release|Any CPU.Build.0 = Release|Any CPU
		{A03A316F-2B1B-4893-8D6D-85E2202D3048}.Debug|Any CPU.ActiveCfg = Debug|Any CPU
		{A03A316F-2B1B-4893-8D6D-85E2202D3048}.Debug|Any CPU.Build.0 = Debug|Any CPU
		{A03A316F-2B1B-4893-8D6D-85E2202D3048}.Release|Any CPU.ActiveCfg = Release|Any CPU
		{A03A316F-2B1B-4893-8D6D-85E2202D3048}.Release|Any CPU.Build.0 = Release|Any CPU
		{B53D1785-13A1-4475-803B-0666911865F1}.Debug|Any CPU.ActiveCfg = Debug|Any CPU
		{B53D1785-13A1-4475-803B-0666911865F1}.Debug|Any CPU.Build.0 = Debug|Any CPU
		{B53D1785-13A1-4475-803B-0666911865F1}.Release|Any CPU.ActiveCfg = Release|Any CPU
		{B53D1785-13A1-4475-803B-0666911865F1}.Release|Any CPU.Build.0 = Release|Any CPU
		{120B86B5-34B8-4304-A826-89E938E4319A}.Debug|Any CPU.ActiveCfg = Debug|Any CPU
		{120B86B5-34B8-4304-A826-89E938E4319A}.Debug|Any CPU.Build.0 = Debug|Any CPU
		{120B86B5-34B8-4304-A826-89E938E4319A}.Release|Any CPU.ActiveCfg = Release|Any CPU
		{120B86B5-34B8-4304-A826-89E938E4319A}.Release|Any CPU.Build.0 = Release|Any CPU
		{C3B0291D-5400-4339-8D36-62EF3C5182A9}.Debug|Any CPU.ActiveCfg = Debug|Any CPU
		{C3B0291D-5400-4339-8D36-62EF3C5182A9}.Debug|Any CPU.Build.0 = Debug|Any CPU
		{C3B0291D-5400-4339-8D36-62EF3C5182A9}.Release|Any CPU.ActiveCfg = Release|Any CPU
		{C3B0291D-5400-4339-8D36-62EF3C5182A9}.Release|Any CPU.Build.0 = Release|Any CPU
		{3EBEE887-8673-4731-85A3-C1B96A0248BF}.Debug|Any CPU.ActiveCfg = Debug|Any CPU
		{3EBEE887-8673-4731-85A3-C1B96A0248BF}.Debug|Any CPU.Build.0 = Debug|Any CPU
		{3EBEE887-8673-4731-85A3-C1B96A0248BF}.Release|Any CPU.ActiveCfg = Release|Any CPU
		{3EBEE887-8673-4731-85A3-C1B96A0248BF}.Release|Any CPU.Build.0 = Release|Any CPU
	EndGlobalSection
	GlobalSection(SolutionProperties) = preSolution
		HideSolutionNode = FALSE
	EndGlobalSection
	GlobalSection(NestedProjects) = preSolution
		{6EC214FC-93EA-40B0-B74D-B147BA640DD4} = {AA7E8980-C544-4D4D-9DA5-440A63A6A704}
		{550DBB13-A473-4348-B530-64A6A5177AB1} = {27AD17D6-F451-429F-B92E-6E709DBBE81B}
		{7ACF3840-25CC-4A96-824A-8AB6B28781FD} = {650AB8BF-14FC-4D78-9727-819685DDB416}
		{D2013160-5E92-4EB0-8A10-3B89C44E8572} = {0350D258-5211-4EC2-8A30-44CBD77E0FF2}
		{AB3DAB8E-C44A-40B3-9A61-031D34A6F71B} = {E1C25D9B-AD3B-44BC-BBD1-FE87EFB39540}
		{5F68702B-28CF-4E1F-9D58-1092785C3106} = {F836BA6D-3B03-4214-84E7-13CF0E5C5A85}
		{36CFCE2C-FACE-4065-967A-93E153F94553} = {2773F5C9-30D3-4612-BEDB-1C82E250A8F4}
		{1E13E059-FD15-442F-8354-82C7D50CD688} = {2773F5C9-30D3-4612-BEDB-1C82E250A8F4}
		{CA489C7A-9733-4F0F-82C6-A820F5498B40} = {AA7E8980-C544-4D4D-9DA5-440A63A6A704}
		{F0EDD3F9-4A5A-4F4C-AEAB-532CEA3BC2F2} = {E1C25D9B-AD3B-44BC-BBD1-FE87EFB39540}
		{8A310FA7-7DC2-4F82-94A2-F8C4CC582482} = {650AB8BF-14FC-4D78-9727-819685DDB416}
		{A03A316F-2B1B-4893-8D6D-85E2202D3048} = {0350D258-5211-4EC2-8A30-44CBD77E0FF2}
		{B53D1785-13A1-4475-803B-0666911865F1} = {27AD17D6-F451-429F-B92E-6E709DBBE81B}
		{120B86B5-34B8-4304-A826-89E938E4319A} = {E980806C-F2B3-40B4-810D-A43D84EF4959}
		{C3B0291D-5400-4339-8D36-62EF3C5182A9} = {E980806C-F2B3-40B4-810D-A43D84EF4959}
		{3EBEE887-8673-4731-85A3-C1B96A0248BF} = {2773F5C9-30D3-4612-BEDB-1C82E250A8F4}
	EndGlobalSection
EndGlobal
